{
  "name": "csvproject",
  "version": "1.0.0",
  "lockfileVersion": 1,
  "requires": true,
  "dependencies": {
    "@types/node": {
      "version": "12.0.4",
      "resolved": "https://registry.npmjs.org/@types/node/-/node-12.0.4.tgz",
      "integrity": "sha512-j8YL2C0fXq7IONwl/Ud5Kt0PeXw22zGERt+HSSnwbKOJVsAGkEz3sFCYwaF9IOuoG1HOtE0vKCj6sXF7Q0+Vaw=="
    },
    "bluebird": {
      "version": "3.5.5",
      "resolved": "https://registry.npmjs.org/bluebird/-/bluebird-3.5.5.tgz",
      "integrity": "sha512-5am6HnnfN+urzt4yfg7IgTbotDjIT/u8AJpEt0sIU9FtXfVeezXAPKswrG+xKUCOYAINpSdgZVDU6QFh+cuH3w=="
    },
    "split-file": {
      "version": "2.1.1",
      "resolved": "https://registry.npmjs.org/split-file/-/split-file-2.1.1.tgz",
      "integrity": "sha512-wldYN8h4mff6wPvQ/Oj6QZTfo8ZcdV4TSViGuZi6jnZcrJi0PsN1Xmxvrd03IrtyzuxK60EVa2b2kjsIUHWwmA==",
      "requires": {
        "bluebird": "3.5.5"
      }
    }
  }
}
